version = 1
revision = 3
requires-python = ">=3.12"

[[package]]
name = "lammps"
version = "2025.7.22.4.0"
source = { registry = "https://pypi.org/simple" }
sdist = { url = "https://files.pythonhosted.org/packages/99/55/ed0073bd359382307f1f299796901cacde495c5503c6857fd7e229624392/lammps-2025.7.22.4.0.tar.gz", hash = "sha256:c54bbac7c32cad3f9003a9275dad74c8c2d6639a21f6d9011c370f6c1329a9d0", size = 18212, upload-time = "2026-04-19T14:03:12.208Z" }
wheels = [
    { url = "https://files.pythonhosted.org/packages/69/b7/537a4b660aaad09fb4943a7a976bbe17e89aa265bcd5148b14678932db5f/lammps-2025.7.22.4.0-py2.py3-none-macosx_11_0_arm64.whl", hash = "sha256:c2abccad4fa7f776ca8f3db6ea47bc0fce6d5e208da77c880220cd0cb0ef6996", size = 74690424, upload-time = "2026-04-19T14:02:44.527Z" },
    { url = "https://files.pythonhosted.org/packages/89/7d/c290e7cdbc5b1927c714c47b52d8d6d4c7e59b972f147b31f21c634986bc/lammps-2025.7.22.4.0-py2.py3-none-macosx_11_0_x86_64.whl", hash = "sha256:18383eade8c6472546630bf1ce262a39b60e499e464f2b96cf4e9bb4f1084210", size = 77816312, upload-time = "2026-04-19T14:02:50.165Z" },
    { url = "https://files.pythonhosted.org/packages/d0/02/80dd946021de731a7b99a55be698e45cecf128a54bb03f922d8ad21d3982/lammps-2025.7.22.4.0-py2.py3-none-manylinux_2_27_aarch64.manylinux_2_28_aarch64.whl", hash = "sha256:a714cbb1bb1e487b16aec023255d867a3a560ae44a47dc7cd21d72a29a0ab755", size = 81842060, upload-time = "2026-04-19T14:02:56.695Z" },
    { url = "https://files.pythonhosted.org/packages/7f/fa/6b9baa96d67a5344912330770fd431c46df4fab0bd48cd7f73ddd3a0c938/lammps-2025.7.22.4.0-py2.py3-none-manylinux_2_27_x86_64.manylinux_2_28_x86_64.whl", hash = "sha256:d41e4a016cfcf23031af507b0bddaa21e72c5b9a8516e3e9c73d9ad6dfadd6f1", size = 85770974, upload-time = "2026-04-19T14:03:03.194Z" },
    { url = "https://files.pythonhosted.org/packages/0f/ac/582faf660faa8fb85e8dfd03d4a9c81c0ae24fbd024ae822fb953e07e02c/lammps-2025.7.22.4.0-py2.py3-none-win_amd64.whl", hash = "sha256:784fc1d6867108c1fcdb10e36f9b24dedc9c7fb0f97b45087f943230d0bd54ae", size = 67602887, upload-time = "2026-04-19T14:03:09.168Z" },
]

[[package]]
name = "lammps-gan-exp"
version = "0.1.0"
source = { virtual = "." }
dependencies = [
    { name = "lammps" },
]

[package.metadata]
requires-dist = [{ name = "lammps", specifier = ">=2025.7.22.4.0" }]
